
Microsoft Visual Studio Solution File, Format Version 12.00
# Visual Studio Version 17
VisualStudioVersion = 17.4.33110.190
MinimumVisualStudioVersion = 10.0.40219.1
Project("{FAE04EC0-301F-11D3-BF4B-00C04F79EFBC}") = "22.11", "22.11.csproj", "{93214986-3581-47EF-B118-C2642FA09756}"
EndProject
Global
	GlobalSection(SolutionConfigurationPlatforms) = preSolution
		Debug|Any CPU = Debug|Any CPU
		Release|Any CPU = Release|Any CPU
	EndGlobalSection
	GlobalSection(ProjectConfigurationPlatforms) = postSolution
		{93214986-3581-47EF-B118-C2642FA09756}.Debug|Any CPU.ActiveCfg = Debug|Any CPU
		{93214986-3581-47EF-B118-C2642FA09756}.Debug|Any CPU.Build.0 = Debug|Any CPU
		{93214986-3581-47EF-B118-C2642FA09756}.Release|Any CPU.ActiveCfg = Release|Any CPU
		{93214986-3581-47EF-B118-C2642FA09756}.Release|Any CPU.Build.0 = Release|Any CPU
	EndGlobalSection
	GlobalSection(SolutionProperties) = preSolution
		HideSolutionNode = FALSE
	EndGlobalSection
	GlobalSection(ExtensibilityGlobals) = postSolution
		SolutionGuid = {185167BE-4A27-4F6E-AC16-1D6C23DB5181}
	EndGlobalSection
EndGlobal
